
Microsoft Visual Studio Solution File, Format Version 12.00
# Visual Studio Version 16
VisualStudioVersion = 16.0.29306.81
MinimumVisualStudioVersion = 10.0.40219.1
Project("{FAE04EC0-301F-11D3-BF4B-00C04F79EFBC}") = "Series And Movies", "Series And Movies\Series And Movies.csproj", "{32E99CB7-28D8-44BB-AF41-975153A57AD6}"
EndProject
Global
	GlobalSection(SolutionConfigurationPlatforms) = preSolution
		Debug|Any CPU = Debug|Any CPU
		Release|Any CPU = Release|Any CPU
	EndGlobalSection
	GlobalSection(ProjectConfigurationPlatforms) = postSolution
		{32E99CB7-28D8-44BB-AF41-975153A57AD6}.Debug|Any CPU.ActiveCfg = Debug|Any CPU
		{32E99CB7-28D8-44BB-AF41-975153A57AD6}.Debug|Any CPU.Build.0 = Debug|Any CPU
		{32E99CB7-28D8-44BB-AF41-975153A57AD6}.Release|Any CPU.ActiveCfg = Release|Any CPU
		{32E99CB7-28D8-44BB-AF41-975153A57AD6}.Release|Any CPU.Build.0 = Release|Any CPU
	EndGlobalSection
	GlobalSection(SolutionProperties) = preSolution
		HideSolutionNode = FALSE
	EndGlobalSection
	GlobalSection(ExtensibilityGlobals) = postSolution
		SolutionGuid = {F090FCC4-9424-4382-BEF1-D5231E1EDD66}
	EndGlobalSection
EndGlobal
